
Microsoft Visual Studio Solution File, Format Version 12.00
# Visual Studio Version 17
VisualStudioVersion = 17.2.32314.265
MinimumVisualStudioVersion = 10.0.40219.1
Project("{FAE04EC0-301F-11D3-BF4B-00C04F79EFBC}") = "FunWithLinqExpressions", "FunWithLinqExpressions\FunWithLinqExpressions.csproj", "{A9CEC89B-7ADC-4165-8021-50FF419FA76F}"
EndProject
Global
	GlobalSection(SolutionConfigurationPlatforms) = preSolution
		Debug|Any CPU = Debug|Any CPU
		Release|Any CPU = Release|Any CPU
	EndGlobalSection
	GlobalSection(ProjectConfigurationPlatforms) = postSolution
		{A9CEC89B-7ADC-4165-8021-50FF419FA76F}.Debug|Any CPU.ActiveCfg = Debug|Any CPU
		{A9CEC89B-7ADC-4165-8021-50FF419FA76F}.Debug|Any CPU.Build.0 = Debug|Any CPU
		{A9CEC89B-7ADC-4165-8021-50FF419FA76F}.Release|Any CPU.ActiveCfg = Release|Any CPU
		{A9CEC89B-7ADC-4165-8021-50FF419FA76F}.Release|Any CPU.Build.0 = Release|Any CPU
	EndGlobalSection
	GlobalSection(SolutionProperties) = preSolution
		HideSolutionNode = FALSE
	EndGlobalSection
	GlobalSection(ExtensibilityGlobals) = postSolution
		SolutionGuid = {63408A06-98D6-4080-BF0E-568D12E82DD0}
	EndGlobalSection
EndGlobal
